
Microsoft Visual Studio Solution File, Format Version 12.00
# Visual Studio Version 17
VisualStudioVersion = 17.13.35931.197 d17.13
MinimumVisualStudioVersion = 10.0.40219.1
Project("{FAE04EC0-301F-11D3-BF4B-00C04F79EFBC}") = "ProductLib", "ProductLib\ProductLib.csproj", "{55B349AF-8C96-4C53-B790-7DB922C1B339}"
EndProject
Project("{FAE04EC0-301F-11D3-BF4B-00C04F79EFBC}") = "ProductLibTests", "ProductLibTests\ProductLibTests.csproj", "{25311C96-6E40-4C6C-AD1E-4E8B4BEBC976}"
EndProject
Global
	GlobalSection(SolutionConfigurationPlatforms) = preSolution
		Debug|Any CPU = Debug|Any CPU
		Release|Any CPU = Release|Any CPU
	EndGlobalSection
	GlobalSection(ProjectConfigurationPlatforms) = postSolution
		{55B349AF-8C96-4C53-B790-7DB922C1B339}.Debug|Any CPU.ActiveCfg = Debug|Any CPU
		{55B349AF-8C96-4C53-B790-7DB922C1B339}.Debug|Any CPU.Build.0 = Debug|Any CPU
		{55B349AF-8C96-4C53-B790-7DB922C1B339}.Release|Any CPU.ActiveCfg = Release|Any CPU
		{55B349AF-8C96-4C53-B790-7DB922C1B339}.Release|Any CPU.Build.0 = Release|Any CPU
		{25311C96-6E40-4C6C-AD1E-4E8B4BEBC976}.Debug|Any CPU.ActiveCfg = Debug|Any CPU
		{25311C96-6E40-4C6C-AD1E-4E8B4BEBC976}.Debug|Any CPU.Build.0 = Debug|Any CPU
		{25311C96-6E40-4C6C-AD1E-4E8B4BEBC976}.Release|Any CPU.ActiveCfg = Release|Any CPU
		{25311C96-6E40-4C6C-AD1E-4E8B4BEBC976}.Release|Any CPU.Build.0 = Release|Any CPU
	EndGlobalSection
	GlobalSection(SolutionProperties) = preSolution
		HideSolutionNode = FALSE
	EndGlobalSection
	GlobalSection(ExtensibilityGlobals) = postSolution
		SolutionGuid = {D75F95B3-976A-470C-A6EA-CEF638A7BDE1}
	EndGlobalSection
EndGlobal
